// !$*UTF8*$!
{
	archiveVersion = 1;
	classes = {
	};
	objectVersion = 46;
	objects = {

/* Begin PBXBuildFile section */
		B329B6491D024CE8004B1EB0 /* AppDelegate.swift in Sources */ = {isa = PBXBuildFile; fileRef = B329B6481D024CE8004B1EB0 /* AppDelegate.swift */; };
		B329B6501D024CE8004B1EB0 /* Main.storyboard in Resources */ = {isa = PBXBuildFile; fileRef = B329B64E1D024CE8004B1EB0 /* Main.storyboard */; };
		B329B6521D024CE8004B1EB0 /* Assets.xcassets in Resources */ = {isa = PBXBuildFile; fileRef = B329B6511D024CE8004B1EB0 /* Assets.xcassets */; };
		B3DF29ED1D04278300C5AB22 /* TagsViewController.swift in Sources */ = {isa = PBXBuildFile; fileRef = B3DF29EC1D04278300C5AB22 /* TagsViewController.swift */; };
		B3DF29EF1D04309600C5AB22 /* TagViewCell.swift in Sources */ = {isa = PBXBuildFile; fileRef = B3DF29EE1D04309600C5AB22 /* TagViewCell.swift */; };
		B3DF2A3D1D046A6B00C5AB22 /* DouyuAPI.framework in Frameworks */ = {isa = PBXBuildFile; fileRef = B3DF2A3C1D046A6B00C5AB22 /* DouyuAPI.framework */; };
		B3DF2A3F1D046AD400C5AB22 /* AlamofireImage.framework in Frameworks */ = {isa = PBXBuildFile; fileRef = B3DF2A3E1D046AD400C5AB22 /* AlamofireImage.framework */; };
		B3DF2A401D046AD400C5AB22 /* AlamofireImage.framework in Embed Frameworks */ = {isa = PBXBuildFile; fileRef = B3DF2A3E1D046AD400C5AB22 /* AlamofireImage.framework */; settings = {ATTRIBUTES = (CodeSignOnCopy, RemoveHeadersOnCopy, ); }; };
		B3DF2A481D046AF500C5AB22 /* Alamofire.framework in Frameworks */ = {isa = PBXBuildFile; fileRef = B3DF2A411D046AF500C5AB22 /* Alamofire.framework */; };
		B3DF2A491D046AF500C5AB22 /* Alamofire.framework in Embed Frameworks */ = {isa = PBXBuildFile; fileRef = B3DF2A411D046AF500C5AB22 /* Alamofire.framework */; settings = {ATTRIBUTES = (CodeSignOnCopy, RemoveHeadersOnCopy, ); }; };
		B3DF2A4A1D046AF500C5AB22 /* AlamofireObjectMapper.framework in Frameworks */ = {isa = PBXBuildFile; fileRef = B3DF2A421D046AF500C5AB22 /* AlamofireObjectMapper.framework */; };
		B3DF2A4B1D046AF500C5AB22 /* AlamofireObjectMapper.framework in Embed Frameworks */ = {isa = PBXBuildFile; fileRef = B3DF2A421D046AF500C5AB22 /* AlamofireObjectMapper.framework */; settings = {ATTRIBUTES = (CodeSignOnCopy, RemoveHeadersOnCopy, ); }; };
		B3DF2A4C1D046AF500C5AB22 /* ObjectMapper.framework in Frameworks */ = {isa = PBXBuildFile; fileRef = B3DF2A431D046AF500C5AB22 /* ObjectMapper.framework */; };
		B3DF2A4D1D046AF500C5AB22 /* ObjectMapper.framework in Embed Frameworks */ = {isa = PBXBuildFile; fileRef = B3DF2A431D046AF500C5AB22 /* ObjectMapper.framework */; settings = {ATTRIBUTES = (CodeSignOnCopy, RemoveHeadersOnCopy, ); }; };
		B3DF2A4E1D046AF500C5AB22 /* RxBlocking.framework in Frameworks */ = {isa = PBXBuildFile; fileRef = B3DF2A441D046AF500C5AB22 /* RxBlocking.framework */; };
		B3DF2A4F1D046AF500C5AB22 /* RxBlocking.framework in Embed Frameworks */ = {isa = PBXBuildFile; fileRef = B3DF2A441D046AF500C5AB22 /* RxBlocking.framework */; settings = {ATTRIBUTES = (CodeSignOnCopy, RemoveHeadersOnCopy, ); }; };
		B3DF2A501D046AF500C5AB22 /* RxCocoa.framework in Frameworks */ = {isa = PBXBuildFile; fileRef = B3DF2A451D046AF500C5AB22 /* RxCocoa.framework */; };
		B3DF2A511D046AF500C5AB22 /* RxCocoa.framework in Embed Frameworks */ = {isa = PBXBuildFile; fileRef = B3DF2A451D046AF500C5AB22 /* RxCocoa.framework */; settings = {ATTRIBUTES = (CodeSignOnCopy, RemoveHeadersOnCopy, ); }; };
		B3DF2A521D046AF500C5AB22 /* RxSwift.framework in Frameworks */ = {isa = PBXBuildFile; fileRef = B3DF2A461D046AF500C5AB22 /* RxSwift.framework */; };
		B3DF2A531D046AF500C5AB22 /* RxSwift.framework in Embed Frameworks */ = {isa = PBXBuildFile; fileRef = B3DF2A461D046AF500C5AB22 /* RxSwift.framework */; settings = {ATTRIBUTES = (CodeSignOnCopy, RemoveHeadersOnCopy, ); }; };
		B3DF2A601D048FCF00C5AB22 /* CryptoSwift.framework in Frameworks */ = {isa = PBXBuildFile; fileRef = B3DF2A5F1D048FCF00C5AB22 /* CryptoSwift.framework */; };
		B3DF2A611D048FCF00C5AB22 /* CryptoSwift.framework in Embed Frameworks */ = {isa = PBXBuildFile; fileRef = B3DF2A5F1D048FCF00C5AB22 /* CryptoSwift.framework */; settings = {ATTRIBUTES = (CodeSignOnCopy, RemoveHeadersOnCopy, ); }; };
		B3DF2A631D04E34800C5AB22 /* PlayerViewController.swift in Sources */ = {isa = PBXBuildFile; fileRef = B3DF2A621D04E34800C5AB22 /* PlayerViewController.swift */; };
		B3DF2A651D04E78B00C5AB22 /* RoomsViewController.swift in Sources */ = {isa = PBXBuildFile; fileRef = B3DF2A641D04E78B00C5AB22 /* RoomsViewController.swift */; };
		B3DF2A671D04E79D00C5AB22 /* RoomViewCell.swift in Sources */ = {isa = PBXBuildFile; fileRef = B3DF2A661D04E79D00C5AB22 /* RoomViewCell.swift */; };
/* End PBXBuildFile section */

/* Begin PBXCopyFilesBuildPhase section */
		B3DF2A3B1D046A3700C5AB22 /* Embed Frameworks */ = {
			isa = PBXCopyFilesBuildPhase;
			buildActionMask = 2147483647;
			dstPath = "";
			dstSubfolderSpec = 10;
			files = (
				B3DF2A511D046AF500C5AB22 /* RxCocoa.framework in Embed Frameworks */,
				B3DF2A401D046AD400C5AB22 /* AlamofireImage.framework in Embed Frameworks */,
				B3DF2A531D046AF500C5AB22 /* RxSwift.framework in Embed Frameworks */,
				B3DF2A4F1D046AF500C5AB22 /* RxBlocking.framework in Embed Frameworks */,
				B3DF2A4B1D046AF500C5AB22 /* AlamofireObjectMapper.framework in Embed Frameworks */,
				B3DF2A4D1D046AF500C5AB22 /* ObjectMapper.framework in Embed Frameworks */,
				B3DF2A491D046AF500C5AB22 /* Alamofire.framework in Embed Frameworks */,
				B3DF2A611D048FCF00C5AB22 /* CryptoSwift.framework in Embed Frameworks */,
			);
			name = "Embed Frameworks";
			runOnlyForDeploymentPostprocessing = 0;
		};
/* End PBXCopyFilesBuildPhase section */

/* Begin PBXFileReference section */
		B329B6451D024CE8004B1EB0 /* Laosiji.app */ = {isa = PBXFileReference; explicitFileType = wrapper.application; includeInIndex = 0; path = Laosiji.app; sourceTree = BUILT_PRODUCTS_DIR; };
		B329B6481D024CE8004B1EB0 /* AppDelegate.swift */ = {isa = PBXFileReference; lastKnownFileType = sourcecode.swift; path = AppDelegate.swift; sourceTree = "<group>"; };
		B329B64F1D024CE8004B1EB0 /* Base */ = {isa = PBXFileReference; lastKnownFileType = file.storyboard; name = Base; path = Base.lproj/Main.storyboard; sourceTree = "<group>"; };
		B329B6511D024CE8004B1EB0 /* Assets.xcassets */ = {isa = PBXFileReference; lastKnownFileType = folder.assetcatalog; path = Assets.xcassets; sourceTree = "<group>"; };
		B329B6531D024CE8004B1EB0 /* Info.plist */ = {isa = PBXFileReference; lastKnownFileType = text.plist.xml; path = Info.plist; sourceTree = "<group>"; };
		B3DF29EC1D04278300C5AB22 /* TagsViewController.swift */ = {isa = PBXFileReference; fileEncoding = 4; lastKnownFileType = sourcecode.swift; path = TagsViewController.swift; sourceTree = "<group>"; };
		B3DF29EE1D04309600C5AB22 /* TagViewCell.swift */ = {isa = PBXFileReference; fileEncoding = 4; lastKnownFileType = sourcecode.swift; path = TagViewCell.swift; sourceTree = "<group>"; };
		B3DF2A3C1D046A6B00C5AB22 /* DouyuAPI.framework */ = {isa = PBXFileReference; lastKnownFileType = wrapper.framework; name = DouyuAPI.framework; path = "DouyuAPI/build/Debug-appletvos/DouyuAPI.framework"; sourceTree = "<group>"; };
		B3DF2A3E1D046AD400C5AB22 /* AlamofireImage.framework */ = {isa = PBXFileReference; lastKnownFileType = wrapper.framework; name = AlamofireImage.framework; path = Carthage/Build/tvOS/AlamofireImage.framework; sourceTree = "<group>"; };
		B3DF2A411D046AF500C5AB22 /* Alamofire.framework */ = {isa = PBXFileReference; lastKnownFileType = wrapper.framework; name = Alamofire.framework; path = DouyuAPI/Carthage/Build/tvOS/Alamofire.framework; sourceTree = "<group>"; };
		B3DF2A421D046AF500C5AB22 /* AlamofireObjectMapper.framework */ = {isa = PBXFileReference; lastKnownFileType = wrapper.framework; name = AlamofireObjectMapper.framework; path = DouyuAPI/Carthage/Build/tvOS/AlamofireObjectMapper.framework; sourceTree = "<group>"; };
		B3DF2A431D046AF500C5AB22 /* ObjectMapper.framework */ = {isa = PBXFileReference; lastKnownFileType = wrapper.framework; name = ObjectMapper.framework; path = DouyuAPI/Carthage/Build/tvOS/ObjectMapper.framework; sourceTree = "<group>"; };
		B3DF2A441D046AF500C5AB22 /* RxBlocking.framework */ = {isa = PBXFileReference; lastKnownFileType = wrapper.framework; name = RxBlocking.framework; path = DouyuAPI/Carthage/Build/tvOS/RxBlocking.framework; sourceTree = "<group>"; };
		B3DF2A451D046AF500C5AB22 /* RxCocoa.framework */ = {isa = PBXFileReference; lastKnownFileType = wrapper.framework; name = RxCocoa.framework; path = DouyuAPI/Carthage/Build/tvOS/RxCocoa.framework; sourceTree = "<group>"; };
		B3DF2A461D046AF500C5AB22 /* RxSwift.framework */ = {isa = PBXFileReference; lastKnownFileType = wrapper.framework; name = RxSwift.framework; path = DouyuAPI/Carthage/Build/tvOS/RxSwift.framework; sourceTree = "<group>"; };
		B3DF2A5F1D048FCF00C5AB22 /* CryptoSwift.framework */ = {isa = PBXFileReference; lastKnownFileType = wrapper.framework; name = CryptoSwift.framework; path = DouyuAPI/Carthage/Build/tvOS/CryptoSwift.framework; sourceTree = "<group>"; };
		B3DF2A621D04E34800C5AB22 /* PlayerViewController.swift */ = {isa = PBXFileReference; fileEncoding = 4; lastKnownFileType = sourcecode.swift; path = PlayerViewController.swift; sourceTree = "<group>"; };
		B3DF2A641D04E78B00C5AB22 /* RoomsViewController.swift */ = {isa = PBXFileReference; fileEncoding = 4; lastKnownFileType = sourcecode.swift; path = RoomsViewController.swift; sourceTree = "<group>"; };
		B3DF2A661D04E79D00C5AB22 /* RoomViewCell.swift */ = {isa = PBXFileReference; fileEncoding = 4; lastKnownFileType = sourcecode.swift; path = RoomViewCell.swift; sourceTree = "<group>"; };
/* End PBXFileReference section */

/* Begin PBXFrameworksBuildPhase section */
		B329B6421D024CE8004B1EB0 /* Frameworks */ = {
			isa = PBXFrameworksBuildPhase;
			buildActionMask = 2147483647;
			files = (
				B3DF2A3D1D046A6B00C5AB22 /* DouyuAPI.framework in Frameworks */,
				B3DF2A481D046AF500C5AB22 /* Alamofire.framework in Frameworks */,
				B3DF2A501D046AF500C5AB22 /* RxCocoa.framework in Frameworks */,
				B3DF2A601D048FCF00C5AB22 /* CryptoSwift.framework in Frameworks */,
				B3DF2A4C1D046AF500C5AB22 /* ObjectMapper.framework in Frameworks */,
				B3DF2A521D046AF500C5AB22 /* RxSwift.framework in Frameworks */,
				B3DF2A3F1D046AD400C5AB22 /* AlamofireImage.framework in Frameworks */,
				B3DF2A4A1D046AF500C5AB22 /* AlamofireObjectMapper.framework in Frameworks */,
				B3DF2A4E1D046AF500C5AB22 /* RxBlocking.framework in Frameworks */,
			);
			runOnlyForDeploymentPostprocessing = 0;
		};
/* End PBXFrameworksBuildPhase section */

/* Begin PBXGroup section */
		B329B63C1D024CE8004B1EB0 = {
			isa = PBXGroup;
			children = (
				B329B6471D024CE8004B1EB0 /* Laosiji */,
				B3DF2A561D046B3900C5AB22 /* Frameworks */,
				B329B6461D024CE8004B1EB0 /* Products */,
			);
			sourceTree = "<group>";
		};
		B329B6461D024CE8004B1EB0 /* Products */ = {
			isa = PBXGroup;
			children = (
				B329B6451D024CE8004B1EB0 /* Laosiji.app */,
			);
			name = Products;
			sourceTree = "<group>";
		};
		B329B6471D024CE8004B1EB0 /* Laosiji */ = {
			isa = PBXGroup;
			children = (
				B329B6481D024CE8004B1EB0 /* AppDelegate.swift */,
				B3DF29EC1D04278300C5AB22 /* TagsViewController.swift */,
				B3DF29EE1D04309600C5AB22 /* TagViewCell.swift */,
				B3DF2A641D04E78B00C5AB22 /* RoomsViewController.swift */,
				B3DF2A661D04E79D00C5AB22 /* RoomViewCell.swift */,
				B3DF2A621D04E34800C5AB22 /* PlayerViewController.swift */,
				B329B64E1D024CE8004B1EB0 /* Main.storyboard */,
				B329B6511D024CE8004B1EB0 /* Assets.xcassets */,
				B329B6531D024CE8004B1EB0 /* Info.plist */,
			);
			path = Laosiji;
			sourceTree = "<group>";
		};
		B3DF2A561D046B3900C5AB22 /* Frameworks */ = {
			isa = PBXGroup;
			children = (
				B3DF2A5F1D048FCF00C5AB22 /* CryptoSwift.framework */,
				B3DF2A411D046AF500C5AB22 /* Alamofire.framework */,
				B3DF2A421D046AF500C5AB22 /* AlamofireObjectMapper.framework */,
				B3DF2A431D046AF500C5AB22 /* ObjectMapper.framework */,
				B3DF2A441D046AF500C5AB22 /* RxBlocking.framework */,
				B3DF2A451D046AF500C5AB22 /* RxCocoa.framework */,
				B3DF2A461D046AF500C5AB22 /* RxSwift.framework */,
				B3DF2A3E1D046AD400C5AB22 /* AlamofireImage.framework */,
				B3DF2A3C1D046A6B00C5AB22 /* DouyuAPI.framework */,
			);
			name = Frameworks;
			sourceTree = "<group>";
		};
/* End PBXGroup section */

/* Begin PBXNativeTarget section */
		B329B6441D024CE8004B1EB0 /* Laosiji */ = {
			isa = PBXNativeTarget;
			buildConfigurationList = B329B6561D024CE8004B1EB0 /* Build configuration list for PBXNativeTarget "Laosiji" */;
			buildPhases = (
				B329B6411D024CE8004B1EB0 /* Sources */,
				B329B6421D024CE8004B1EB0 /* Frameworks */,
				B329B6431D024CE8004B1EB0 /* Resources */,
				B3DF2A3B1D046A3700C5AB22 /* Embed Frameworks */,
			);
			buildRules = (
			);
			dependencies = (
			);
			name = Laosiji;
			productName = Laosiji;
			productReference = B329B6451D024CE8004B1EB0 /* Laosiji.app */;
			productType = "com.apple.product-type.application";
		};
/* End PBXNativeTarget section */

/* Begin PBXProject section */
		B329B63D1D024CE8004B1EB0 /* Project object */ = {
			isa = PBXProject;
			attributes = {
				LastSwiftUpdateCheck = 0730;
				LastUpgradeCheck = 0730;
				ORGANIZATIONNAME = "Luo Sheng";
				TargetAttributes = {
					B329B6441D024CE8004B1EB0 = {
						CreatedOnToolsVersion = 7.3.1;
					};
				};
			};
			buildConfigurationList = B329B6401D024CE8004B1EB0 /* Build configuration list for PBXProject "Laosiji" */;
			compatibilityVersion = "Xcode 3.2";
			developmentRegion = English;
			hasScannedForEncodings = 0;
			knownRegions = (
				en,
				Base,
			);
			mainGroup = B329B63C1D024CE8004B1EB0;
			productRefGroup = B329B6461D024CE8004B1EB0 /* Products */;
			projectDirPath = "";
			projectRoot = "";
			targets = (
				B329B6441D024CE8004B1EB0 /* Laosiji */,
			);
		};
/* End PBXProject section */

/* Begin PBXResourcesBuildPhase section */
		B329B6431D024CE8004B1EB0 /* Resources */ = {
			isa = PBXResourcesBuildPhase;
			buildActionMask = 2147483647;
			files = (
				B329B6521D024CE8004B1EB0 /* Assets.xcassets in Resources */,
				B329B6501D024CE8004B1EB0 /* Main.storyboard in Resources */,
			);
			runOnlyForDeploymentPostprocessing = 0;
		};
/* End PBXResourcesBuildPhase section */

/* Begin PBXSourcesBuildPhase section */
		B329B6411D024CE8004B1EB0 /* Sources */ = {
			isa = PBXSourcesBuildPhase;
			buildActionMask = 2147483647;
			files = (
				B329B6491D024CE8004B1EB0 /* AppDelegate.swift in Sources */,
				B3DF2A631D04E34800C5AB22 /* PlayerViewController.swift in Sources */,
				B3DF2A651D04E78B00C5AB22 /* RoomsViewController.swift in Sources */,
				B3DF29EF1D04309600C5AB22 /* TagViewCell.swift in Sources */,
				B3DF29ED1D04278300C5AB22 /* TagsViewController.swift in Sources */,
				B3DF2A671D04E79D00C5AB22 /* RoomViewCell.swift in Sources */,
			);
			runOnlyForDeploymentPostprocessing = 0;
		};
/* End PBXSourcesBuildPhase section */

/* Begin PBXVariantGroup section */
		B329B64E1D024CE8004B1EB0 /* Main.storyboard */ = {
			isa = PBXVariantGroup;
			children = (
				B329B64F1D024CE8004B1EB0 /* Base */,
			);
			name = Main.storyboard;
			sourceTree = "<group>";
		};
/* End PBXVariantGroup section */

/* Begin XCBuildConfiguration section */
		B329B6541D024CE8004B1EB0 /* Debug */ = {
			isa = XCBuildConfiguration;
			buildSettings = {
				ALWAYS_SEARCH_USER_PATHS = NO;
				CLANG_ANALYZER_NONNULL = YES;
				CLANG_CXX_LANGUAGE_STANDARD = "gnu++0x";
				CLANG_CXX_LIBRARY = "libc++";
				CLANG_ENABLE_MODULES = YES;
				CLANG_ENABLE_OBJC_ARC = YES;
				CLANG_WARN_BOOL_CONVERSION = YES;
				CLANG_WARN_CONSTANT_CONVERSION = YES;
				CLANG_WARN_DIRECT_OBJC_ISA_USAGE = YES_ERROR;
				CLANG_WARN_EMPTY_BODY = YES;
				CLANG_WARN_ENUM_CONVERSION = YES;
				CLANG_WARN_INT_CONVERSION = YES;
				CLANG_WARN_OBJC_ROOT_CLASS = YES_ERROR;
				CLANG_WARN_UNREACHABLE_CODE = YES;
				CLANG_WARN__DUPLICATE_METHOD_MATCH = YES;
				COPY_PHASE_STRIP = NO;
				DEBUG_INFORMATION_FORMAT = dwarf;
				ENABLE_STRICT_OBJC_MSGSEND = YES;
				ENABLE_TESTABILITY = YES;
				GCC_C_LANGUAGE_STANDARD = gnu99;
				GCC_DYNAMIC_NO_PIC = NO;
				GCC_NO_COMMON_BLOCKS = YES;
				GCC_OPTIMIZATION_LEVEL = 0;
				GCC_PREPROCESSOR_DEFINITIONS = (
					"DEBUG=1",
					"$(inherited)",
				);
				GCC_WARN_64_TO_32_BIT_CONVERSION = YES;
				GCC_WARN_ABOUT_RETURN_TYPE = YES_ERROR;
				GCC_WARN_UNDECLARED_SELECTOR = YES;
				GCC_WARN_UNINITIALIZED_AUTOS = YES_AGGRESSIVE;
				GCC_WARN_UNUSED_FUNCTION = YES;
				GCC_WARN_UNUSED_VARIABLE = YES;
				MTL_ENABLE_DEBUG_INFO = YES;
				ONLY_ACTIVE_ARCH = YES;
				SDKROOT = appletvos;
				SWIFT_OPTIMIZATION_LEVEL = "-Onone";
				TARGETED_DEVICE_FAMILY = 3;
				TVOS_DEPLOYMENT_TARGET = 9.2;
			};
			name = Debug;
		};
		B329B6551D024CE8004B1EB0 /* Release */ = {
			isa = XCBuildConfiguration;
			buildSettings = {
				ALWAYS_SEARCH_USER_PATHS = NO;
				CLANG_ANALYZER_NONNULL = YES;
				CLANG_CXX_LANGUAGE_STANDARD = "gnu++0x";
				CLANG_CXX_LIBRARY = "libc++";
				CLANG_ENABLE_MODULES = YES;
				CLANG_ENABLE_OBJC_ARC = YES;
				CLANG_WARN_BOOL_CONVERSION = YES;
				CLANG_WARN_CONSTANT_CONVERSION = YES;
				CLANG_WARN_DIRECT_OBJC_ISA_USAGE = YES_ERROR;
				CLANG_WARN_EMPTY_BODY = YES;
				CLANG_WARN_ENUM_CONVERSION = YES;
				CLANG_WARN_INT_CONVERSION = YES;
				CLANG_WARN_OBJC_ROOT_CLASS = YES_ERROR;
				CLANG_WARN_UNREACHABLE_CODE = YES;
				CLANG_WARN__DUPLICATE_METHOD_MATCH = YES;
				COPY_PHASE_STRIP = NO;
				DEBUG_INFORMATION_FORMAT = "dwarf-with-dsym";
				ENABLE_NS_ASSERTIONS = NO;
				ENABLE_STRICT_OBJC_MSGSEND = YES;
				GCC_C_LANGUAGE_STANDARD = gnu99;
				GCC_NO_COMMON_BLOCKS = YES;
				GCC_WARN_64_TO_32_BIT_CONVERSION = YES;
				GCC_WARN_ABOUT_RETURN_TYPE = YES_ERROR;
				GCC_WARN_UNDECLARED_SELECTOR = YES;
				GCC_WARN_UNINITIALIZED_AUTOS = YES_AGGRESSIVE;
				GCC_WARN_UNUSED_FUNCTION = YES;
				GCC_WARN_UNUSED_VARIABLE = YES;
				MTL_ENABLE_DEBUG_INFO = NO;
				SDKROOT = appletvos;
				TARGETED_DEVICE_FAMILY = 3;
				TVOS_DEPLOYMENT_TARGET = 9.2;
				VALIDATE_PRODUCT = YES;
			};
			name = Release;
		};
		B329B6571D024CE8004B1EB0 /* Debug */ = {
			isa = XCBuildConfiguration;
			buildSettings = {
				ASSETCATALOG_COMPILER_APPICON_NAME = "App Icon & Top Shelf Image";
				ASSETCATALOG_COMPILER_LAUNCHIMAGE_NAME = LaunchImage;
				FRAMEWORK_SEARCH_PATHS = (
					"$(inherited)",
					"$(PROJECT_DIR)/Carthage/Build/tvOS",
					"$(PROJECT_DIR)/DouyuAPI/build/Debug-appletvos",
					"$(PROJECT_DIR)/DouyuAPI/Carthage/Build/tvOS",
				);
				INFOPLIST_FILE = Laosiji/Info.plist;
				LD_RUNPATH_SEARCH_PATHS = "$(inherited) @executable_path/Frameworks";
				PRODUCT_BUNDLE_IDENTIFIER = net.luosheng.Laosiji;
				PRODUCT_NAME = "$(TARGET_NAME)";
			};
			name = Debug;
		};
		B329B6581D024CE8004B1EB0 /* Release */ = {
			isa = XCBuildConfiguration;
			buildSettings = {
				ASSETCATALOG_COMPILER_APPICON_NAME = "App Icon & Top Shelf Image";
				ASSETCATALOG_COMPILER_LAUNCHIMAGE_NAME = LaunchImage;
				FRAMEWORK_SEARCH_PATHS = (
					"$(inherited)",
					"$(PROJECT_DIR)/Carthage/Build/tvOS",
					"$(PROJECT_DIR)/DouyuAPI/build/Debug-appletvos",
					"$(PROJECT_DIR)/DouyuAPI/Carthage/Build/tvOS",
				);
				INFOPLIST_FILE = Laosiji/Info.plist;
				LD_RUNPATH_SEARCH_PATHS = "$(inherited) @executable_path/Frameworks";
				PRODUCT_BUNDLE_IDENTIFIER = net.luosheng.Laosiji;
				PRODUCT_NAME = "$(TARGET_NAME)";
			};
			name = Release;
		};
/* End XCBuildConfiguration section */

/* Begin XCConfigurationList section */
		B329B6401D024CE8004B1EB0 /* Build configuration list for PBXProject "Laosiji" */ = {
			isa = XCConfigurationList;
			buildConfigurations = (
				B329B6541D024CE8004B1EB0 /* Debug */,
				B329B6551D024CE8004B1EB0 /* Release */,
			);
			defaultConfigurationIsVisible = 0;
			defaultConfigurationName = Release;
		};
		B329B6561D024CE8004B1EB0 /* Build configuration list for PBXNativeTarget "Laosiji" */ = {
			isa = XCConfigurationList;
			buildConfigurations = (
				B329B6571D024CE8004B1EB0 /* Debug */,
				B329B6581D024CE8004B1EB0 /* Release */,
			);
			defaultConfigurationIsVisible = 0;
			defaultConfigurationName = Release;
		};
/* End XCConfigurationList section */
	};
	rootObject = B329B63D1D024CE8004B1EB0 /* Project object */;
}
